Microsoft Visual Studio Solution File, Format Version 12.00
# Visual Studio Version 17
VisualStudioVersion = 17.5.2.0
MinimumVisualStudioVersion = 10.0.40219.1
Project("{FAE04EC0-301F-11D3-BF4B-00C04F79EFBC}") = "text_together", "text_together.csproj", "{38F31385-BE02-9193-97B1-4A2F3C72C8CE}"
EndProject
Global
	GlobalSection(SolutionConfigurationPlatforms) = preSolution
		Debug|Any CPU = Debug|Any CPU
		Release|Any CPU = Release|Any CPU
	EndGlobalSection
	GlobalSection(ProjectConfigurationPlatforms) = postSolution
		{38F31385-BE02-9193-97B1-4A2F3C72C8CE}.Debug|Any CPU.ActiveCfg = Debug|Any CPU
		{38F31385-BE02-9193-97B1-4A2F3C72C8CE}.Debug|Any CPU.Build.0 = Debug|Any CPU
		{38F31385-BE02-9193-97B1-4A2F3C72C8CE}.Release|Any CPU.ActiveCfg = Release|Any CPU
		{38F31385-BE02-9193-97B1-4A2F3C72C8CE}.Release|Any CPU.Build.0 = Release|Any CPU
	EndGlobalSection
	GlobalSection(SolutionProperties) = preSolution
		HideSolutionNode = FALSE
	EndGlobalSection
	GlobalSection(ExtensibilityGlobals) = postSolution
		SolutionGuid = {3279892A-CB6D-48B5-A768-12355944A053}
	EndGlobalSection
EndGlobal
